
Microsoft Visual Studio Solution File, Format Version 12.00
# Visual Studio Version 17
VisualStudioVersion = 17.5.33414.496
MinimumVisualStudioVersion = 10.0.40219.1
Project("{9A19103F-16F7-4668-BE54-9A1E7A4F7556}") = "Vetheria.AuthServer", "Vetheria.AuthServer\Vetheria.AuthServer.csproj", "{925386EB-60E0-4DB3-8379-D6986C279210}"
EndProject
Project("{9A19103F-16F7-4668-BE54-9A1E7A4F7556}") = "Hacomm.Database", "Hacomm.Database\Hacomm.Database.csproj", "{AAB46A2E-267B-418D-AE9B-821E1776BDEE}"
EndProject
Project("{9A19103F-16F7-4668-BE54-9A1E7A4F7556}") = "Vetheria.Common", "Vetheria.Common\Vetheria.Common.csproj", "{78C02337-74F5-4791-9B98-209E172573B6}"
EndProject
Project("{2150E333-8FDC-42A3-9474-1A3956D46DE8}") = "VetheriaSource", "VetheriaSource", "{237081C1-B9A0-40A7-8962-650FEDE39785}"
EndProject
Global
	GlobalSection(SolutionConfigurationPlatforms) = preSolution
		Debug|Any CPU = Debug|Any CPU
		Release|Any CPU = Release|Any CPU
	EndGlobalSection
	GlobalSection(ProjectConfigurationPlatforms) = postSolution
		{925386EB-60E0-4DB3-8379-D6986C279210}.Debug|Any CPU.ActiveCfg = Debug|Any CPU
		{925386EB-60E0-4DB3-8379-D6986C279210}.Debug|Any CPU.Build.0 = Debug|Any CPU
		{925386EB-60E0-4DB3-8379-D6986C279210}.Release|Any CPU.ActiveCfg = Release|Any CPU
		{925386EB-60E0-4DB3-8379-D6986C279210}.Release|Any CPU.Build.0 = Release|Any CPU
		{AAB46A2E-267B-418D-AE9B-821E1776BDEE}.Debug|Any CPU.ActiveCfg = Debug|Any CPU
		{AAB46A2E-267B-418D-AE9B-821E1776BDEE}.Debug|Any CPU.Build.0 = Debug|Any CPU
		{AAB46A2E-267B-418D-AE9B-821E1776BDEE}.Release|Any CPU.ActiveCfg = Release|Any CPU
		{AAB46A2E-267B-418D-AE9B-821E1776BDEE}.Release|Any CPU.Build.0 = Release|Any CPU
		{78C02337-74F5-4791-9B98-209E172573B6}.Debug|Any CPU.ActiveCfg = Debug|Any CPU
		{78C02337-74F5-4791-9B98-209E172573B6}.Debug|Any CPU.Build.0 = Debug|Any CPU
		{78C02337-74F5-4791-9B98-209E172573B6}.Release|Any CPU.ActiveCfg = Release|Any CPU
		{78C02337-74F5-4791-9B98-209E172573B6}.Release|Any CPU.Build.0 = Release|Any CPU
	EndGlobalSection
	GlobalSection(SolutionProperties) = preSolution
		HideSolutionNode = FALSE
	EndGlobalSection
	GlobalSection(NestedProjects) = preSolution
		{925386EB-60E0-4DB3-8379-D6986C279210} = {237081C1-B9A0-40A7-8962-650FEDE39785}
		{78C02337-74F5-4791-9B98-209E172573B6} = {237081C1-B9A0-40A7-8962-650FEDE39785}
	EndGlobalSection
	GlobalSection(ExtensibilityGlobals) = postSolution
		SolutionGuid = {2E3874C2-81D4-4EB9-9570-EB507AE0AF86}
	EndGlobalSection
EndGlobal
