
Microsoft Visual Studio Solution File, Format Version 12.00
# Visual Studio Version 17
VisualStudioVersion = 17.5.33414.496
MinimumVisualStudioVersion = 10.0.40219.1
Project("{2150E333-8FDC-42A3-9474-1A3956D46DE8}") = "VetheriaSource", "VetheriaSource", "{237081C1-B9A0-40A7-8962-650FEDE39785}"
EndProject
Project("{2150E333-8FDC-42A3-9474-1A3956D46DE8}") = "Hocomm.Backend", "Hocomm.Backend", "{14538B99-B0B0-46E8-B668-DE3D9AA3D463}"
EndProject
Project("{9A19103F-16F7-4668-BE54-9A1E7A4F7556}") = "Hocomm", "Hocomm\Hocomm.csproj", "{F6711272-B792-431A-BD71-C582B90A1396}"
EndProject
Project("{9A19103F-16F7-4668-BE54-9A1E7A4F7556}") = "Hocomm.WebApi", "Hocomm.WebApi\Hocomm.WebApi.csproj", "{6A277A64-0CF8-4E92-9C8E-518B10197A5A}"
EndProject
Global
	GlobalSection(SolutionConfigurationPlatforms) = preSolution
		Debug|Any CPU = Debug|Any CPU
		Release|Any CPU = Release|Any CPU
	EndGlobalSection
	GlobalSection(ProjectConfigurationPlatforms) = postSolution
		{F6711272-B792-431A-BD71-C582B90A1396}.Debug|Any CPU.ActiveCfg = Debug|Any CPU
		{F6711272-B792-431A-BD71-C582B90A1396}.Debug|Any CPU.Build.0 = Debug|Any CPU
		{F6711272-B792-431A-BD71-C582B90A1396}.Release|Any CPU.ActiveCfg = Release|Any CPU
		{F6711272-B792-431A-BD71-C582B90A1396}.Release|Any CPU.Build.0 = Release|Any CPU
		{6A277A64-0CF8-4E92-9C8E-518B10197A5A}.Debug|Any CPU.ActiveCfg = Debug|Any CPU
		{6A277A64-0CF8-4E92-9C8E-518B10197A5A}.Debug|Any CPU.Build.0 = Debug|Any CPU
		{6A277A64-0CF8-4E92-9C8E-518B10197A5A}.Release|Any CPU.ActiveCfg = Release|Any CPU
		{6A277A64-0CF8-4E92-9C8E-518B10197A5A}.Release|Any CPU.Build.0 = Release|Any CPU
	EndGlobalSection
	GlobalSection(SolutionProperties) = preSolution
		HideSolutionNode = FALSE
	EndGlobalSection
	GlobalSection(NestedProjects) = preSolution
		{F6711272-B792-431A-BD71-C582B90A1396} = {14538B99-B0B0-46E8-B668-DE3D9AA3D463}
		{6A277A64-0CF8-4E92-9C8E-518B10197A5A} = {14538B99-B0B0-46E8-B668-DE3D9AA3D463}
	EndGlobalSection
	GlobalSection(ExtensibilityGlobals) = postSolution
		SolutionGuid = {2E3874C2-81D4-4EB9-9570-EB507AE0AF86}
	EndGlobalSection
EndGlobal
